
Microsoft Visual Studio Solution File, Format Version 12.00
# Visual Studio Version 16
VisualStudioVersion = 16.0.30225.117
MinimumVisualStudioVersion = 10.0.40219.1
Project("{FAE04EC0-301F-11D3-BF4B-00C04F79EFBC}") = "TiendaDeVideojuegos", "TiendaDeVideojuegos\TiendaDeVideojuegos.csproj", "{779E656E-3FD3-43A9-B140-2D75B6832D19}"
EndProject
Project("{FAE04EC0-301F-11D3-BF4B-00C04F79EFBC}") = "TiendaDeVideojuegosTest", "TiendaDeVideojuegosTest\TiendaDeVideojuegosTest.csproj", "{7AE2B76B-0E9F-4068-998D-C3AABA06002D}"
EndProject
Global
	GlobalSection(SolutionConfigurationPlatforms) = preSolution
		Debug|Any CPU = Debug|Any CPU
		Release|Any CPU = Release|Any CPU
	EndGlobalSection
	GlobalSection(ProjectConfigurationPlatforms) = postSolution
		{779E656E-3FD3-43A9-B140-2D75B6832D19}.Debug|Any CPU.ActiveCfg = Debug|Any CPU
		{779E656E-3FD3-43A9-B140-2D75B6832D19}.Debug|Any CPU.Build.0 = Debug|Any CPU
		{779E656E-3FD3-43A9-B140-2D75B6832D19}.Release|Any CPU.ActiveCfg = Release|Any CPU
		{779E656E-3FD3-43A9-B140-2D75B6832D19}.Release|Any CPU.Build.0 = Release|Any CPU
		{7AE2B76B-0E9F-4068-998D-C3AABA06002D}.Debug|Any CPU.ActiveCfg = Debug|Any CPU
		{7AE2B76B-0E9F-4068-998D-C3AABA06002D}.Debug|Any CPU.Build.0 = Debug|Any CPU
		{7AE2B76B-0E9F-4068-998D-C3AABA06002D}.Release|Any CPU.ActiveCfg = Release|Any CPU
		{7AE2B76B-0E9F-4068-998D-C3AABA06002D}.Release|Any CPU.Build.0 = Release|Any CPU
	EndGlobalSection
	GlobalSection(SolutionProperties) = preSolution
		HideSolutionNode = FALSE
	EndGlobalSection
	GlobalSection(ExtensibilityGlobals) = postSolution
		SolutionGuid = {CD4A7BC2-C80C-444F-ADA7-F72EDA9C9377}
	EndGlobalSection
EndGlobal
